
Microsoft Visual Studio Solution File, Format Version 12.00
# Visual Studio Version 16
VisualStudioVersion = 16.0.29905.134
MinimumVisualStudioVersion = 10.0.40219.1
Project("{9A19103F-16F7-4668-BE54-9A1E7A4F7556}") = "MovieRank.Api", "MovieRank.Api\MovieRank.Api.csproj", "{1BC44870-E030-4E02-963A-1491BDE743B2}"
EndProject
Project("{9A19103F-16F7-4668-BE54-9A1E7A4F7556}") = "MovieRank.Libs", "MovieRank.Libs\MovieRank.Libs.csproj", "{D6E23EC0-E801-491D-BC8C-D9F51B8428EA}"
EndProject
Project("{FAE04EC0-301F-11D3-BF4B-00C04F79EFBC}") = "MovieRank.Contracts", "MovieRank.Contracts\MovieRank.Contracts.csproj", "{B6495AF2-B453-485F-8009-4F9006721F2B}"
EndProject
Global
	GlobalSection(SolutionConfigurationPlatforms) = preSolution
		Debug|Any CPU = Debug|Any CPU
		Release|Any CPU = Release|Any CPU
	EndGlobalSection
	GlobalSection(ProjectConfigurationPlatforms) = postSolution
		{1BC44870-E030-4E02-963A-1491BDE743B2}.Debug|Any CPU.ActiveCfg = Debug|Any CPU
		{1BC44870-E030-4E02-963A-1491BDE743B2}.Debug|Any CPU.Build.0 = Debug|Any CPU
		{1BC44870-E030-4E02-963A-1491BDE743B2}.Release|Any CPU.ActiveCfg = Release|Any CPU
		{1BC44870-E030-4E02-963A-1491BDE743B2}.Release|Any CPU.Build.0 = Release|Any CPU
		{D6E23EC0-E801-491D-BC8C-D9F51B8428EA}.Debug|Any CPU.ActiveCfg = Debug|Any CPU
		{D6E23EC0-E801-491D-BC8C-D9F51B8428EA}.Debug|Any CPU.Build.0 = Debug|Any CPU
		{D6E23EC0-E801-491D-BC8C-D9F51B8428EA}.Release|Any CPU.ActiveCfg = Release|Any CPU
		{D6E23EC0-E801-491D-BC8C-D9F51B8428EA}.Release|Any CPU.Build.0 = Release|Any CPU
		{B6495AF2-B453-485F-8009-4F9006721F2B}.Debug|Any CPU.ActiveCfg = Debug|Any CPU
		{B6495AF2-B453-485F-8009-4F9006721F2B}.Debug|Any CPU.Build.0 = Debug|Any CPU
		{B6495AF2-B453-485F-8009-4F9006721F2B}.Release|Any CPU.ActiveCfg = Release|Any CPU
		{B6495AF2-B453-485F-8009-4F9006721F2B}.Release|Any CPU.Build.0 = Release|Any CPU
	EndGlobalSection
	GlobalSection(SolutionProperties) = preSolution
		HideSolutionNode = FALSE
	EndGlobalSection
	GlobalSection(ExtensibilityGlobals) = postSolution
		SolutionGuid = {AE5596AD-48EC-4D80-A757-45E78C702717}
	EndGlobalSection
EndGlobal
